
Microsoft Visual Studio Solution File, Format Version 12.00
# Visual Studio Version 17
VisualStudioVersion = 17.0.31903.59
MinimumVisualStudioVersion = 10.0.40219.1
Project("{2150E333-8FDC-42A3-9474-1A3956D46DE8}") = "src", "src", "{AF4E4E49-41B8-4B46-B2E7-C9784A248777}"
EndProject
Project("{F2A71F9B-5D33-465A-A702-920D77279786}") = "HydrusTagger", "src\HydrusTagger\HydrusTagger.fsproj", "{88842C78-33F9-4D10-92E9-8C017A8EC1F7}"
EndProject
Global
	GlobalSection(SolutionConfigurationPlatforms) = preSolution
		Debug|Any CPU = Debug|Any CPU
		Release|Any CPU = Release|Any CPU
	EndGlobalSection
	GlobalSection(SolutionProperties) = preSolution
		HideSolutionNode = FALSE
	EndGlobalSection
	GlobalSection(ProjectConfigurationPlatforms) = postSolution
		{88842C78-33F9-4D10-92E9-8C017A8EC1F7}.Debug|Any CPU.ActiveCfg = Debug|Any CPU
		{88842C78-33F9-4D10-92E9-8C017A8EC1F7}.Debug|Any CPU.Build.0 = Debug|Any CPU
		{88842C78-33F9-4D10-92E9-8C017A8EC1F7}.Release|Any CPU.ActiveCfg = Release|Any CPU
		{88842C78-33F9-4D10-92E9-8C017A8EC1F7}.Release|Any CPU.Build.0 = Release|Any CPU
	EndGlobalSection
	GlobalSection(NestedProjects) = preSolution
		{88842C78-33F9-4D10-92E9-8C017A8EC1F7} = {AF4E4E49-41B8-4B46-B2E7-C9784A248777}
	EndGlobalSection
EndGlobal
